
Microsoft Visual Studio Solution File, Format Version 12.00
# Visual Studio 15
VisualStudioVersion = 15.0.28307.1500
MinimumVisualStudioVersion = 10.0.40219.1
Project("{8BC9CEB8-8B4A-11D0-8D11-00A0C91BC942}") = "make_csv", "make_csv\make_csv.vcxproj", "{A28585DC-BD41-4E88-B5DE-EA2A7F942F52}"
EndProject
Global
	GlobalSection(SolutionConfigurationPlatforms) = preSolution
		Debug|x64 = Debug|x64
		Release|x64 = Release|x64
	EndGlobalSection
	GlobalSection(ProjectConfigurationPlatforms) = postSolution
		{A28585DC-BD41-4E88-B5DE-EA2A7F942F52}.Debug|x64.ActiveCfg = Debug|x64
		{A28585DC-BD41-4E88-B5DE-EA2A7F942F52}.Debug|x64.Build.0 = Debug|x64
		{A28585DC-BD41-4E88-B5DE-EA2A7F942F52}.Release|x64.ActiveCfg = Release|x64
		{A28585DC-BD41-4E88-B5DE-EA2A7F942F52}.Release|x64.Build.0 = Release|x64
	EndGlobalSection
	GlobalSection(SolutionProperties) = preSolution
		HideSolutionNode = FALSE
	EndGlobalSection
	GlobalSection(ExtensibilityGlobals) = postSolution
		SolutionGuid = {D691F26E-2374-4C4C-8F3C-E4670AB05047}
	EndGlobalSection
EndGlobal
